
Microsoft Visual Studio Solution File, Format Version 12.00
# Visual Studio Version 16
VisualStudioVersion = 16.0.32106.194
MinimumVisualStudioVersion = 10.0.40219.1
Project("{FAE04EC0-301F-11D3-BF4B-00C04F79EFBC}") = "MovieApp", "MovieApp\MovieApp.csproj", "{DEBF68F3-97BF-4F4C-A166-0A0D096930F7}"
EndProject
Global
	GlobalSection(SolutionConfigurationPlatforms) = preSolution
		Debug|Any CPU = Debug|Any CPU
		Release|Any CPU = Release|Any CPU
	EndGlobalSection
	GlobalSection(ProjectConfigurationPlatforms) = postSolution
		{DEBF68F3-97BF-4F4C-A166-0A0D096930F7}.Debug|Any CPU.ActiveCfg = Debug|Any CPU
		{DEBF68F3-97BF-4F4C-A166-0A0D096930F7}.Debug|Any CPU.Build.0 = Debug|Any CPU
		{DEBF68F3-97BF-4F4C-A166-0A0D096930F7}.Release|Any CPU.ActiveCfg = Release|Any CPU
		{DEBF68F3-97BF-4F4C-A166-0A0D096930F7}.Release|Any CPU.Build.0 = Release|Any CPU
	EndGlobalSection
	GlobalSection(SolutionProperties) = preSolution
		HideSolutionNode = FALSE
	EndGlobalSection
	GlobalSection(ExtensibilityGlobals) = postSolution
		SolutionGuid = {F0AEF0D0-71FA-4089-95E2-DAB115F1BA15}
	EndGlobalSection
EndGlobal
